// !$*UTF8*$!
{
	archiveVersion = 1;
	classes = {
	};
	objectVersion = 56;
	objects = {

/* Begin PBXBuildFile section */
		55AA558E2BCB0BD600626815 /* AppDelegate.swift in Sources */ = {isa = PBXBuildFile; fileRef = 55AA558D2BCB0BD600626815 /* AppDelegate.swift */; };
		55AA55902BCB0BD600626815 /* SceneDelegate.swift in Sources */ = {isa = PBXBuildFile; fileRef = 55AA558F2BCB0BD600626815 /* SceneDelegate.swift */; };
		55AA55922BCB0BD600626815 /* ViewController.swift in Sources */ = {isa = PBXBuildFile; fileRef = 55AA55912BCB0BD600626815 /* ViewController.swift */; };
		55AA55952BCB0BD600626815 /* Main.storyboard in Resources */ = {isa = PBXBuildFile; fileRef = 55AA55932BCB0BD600626815 /* Main.storyboard */; };
		55AA55972BCB0BD800626815 /* Assets.xcassets in Resources */ = {isa = PBXBuildFile; fileRef = 55AA55962BCB0BD800626815 /* Assets.xcassets */; };
		55AA559A2BCB0BD800626815 /* LaunchScreen.storyboard in Resources */ = {isa = PBXBuildFile; fileRef = 55AA55982BCB0BD800626815 /* LaunchScreen.storyboard */; };
		55AA55A42BCB0C5400626815 /* HomeViewController.swift in Sources */ = {isa = PBXBuildFile; fileRef = 55AA55A22BCB0C5400626815 /* HomeViewController.swift */; };
		55AA55A52BCB0C5400626815 /* HomeViewController.xib in Resources */ = {isa = PBXBuildFile; fileRef = 55AA55A32BCB0C5400626815 /* HomeViewController.xib */; };
		55AA55A92BCB1E7D00626815 /* ListViewController.swift in Sources */ = {isa = PBXBuildFile; fileRef = 55AA55A72BCB1E7D00626815 /* ListViewController.swift */; };
		55AA55AA2BCB1E7D00626815 /* ListViewController.xib in Resources */ = {isa = PBXBuildFile; fileRef = 55AA55A82BCB1E7D00626815 /* ListViewController.xib */; };
/* End PBXBuildFile section */

/* Begin PBXFileReference section */
		55AA558A2BCB0BD600626815 /* shoppingListXIB.app */ = {isa = PBXFileReference; explicitFileType = wrapper.application; includeInIndex = 0; path = shoppingListXIB.app; sourceTree = BUILT_PRODUCTS_DIR; };
		55AA558D2BCB0BD600626815 /* AppDelegate.swift */ = {isa = PBXFileReference; lastKnownFileType = sourcecode.swift; path = AppDelegate.swift; sourceTree = "<group>"; };
		55AA558F2BCB0BD600626815 /* SceneDelegate.swift */ = {isa = PBXFileReference; lastKnownFileType = sourcecode.swift; path = SceneDelegate.swift; sourceTree = "<group>"; };
		55AA55912BCB0BD600626815 /* ViewController.swift */ = {isa = PBXFileReference; lastKnownFileType = sourcecode.swift; path = ViewController.swift; sourceTree = "<group>"; };
		55AA55942BCB0BD600626815 /* Base */ = {isa = PBXFileReference; lastKnownFileType = file.storyboard; name = Base; path = Base.lproj/Main.storyboard; sourceTree = "<group>"; };
		55AA55962BCB0BD800626815 /* Assets.xcassets */ = {isa = PBXFileReference; lastKnownFileType = folder.assetcatalog; path = Assets.xcassets; sourceTree = "<group>"; };
		55AA55992BCB0BD800626815 /* Base */ = {isa = PBXFileReference; lastKnownFileType = file.storyboard; name = Base; path = Base.lproj/LaunchScreen.storyboard; sourceTree = "<group>"; };
		55AA559B2BCB0BD800626815 /* Info.plist */ = {isa = PBXFileReference; lastKnownFileType = text.plist.xml; path = Info.plist; sourceTree = "<group>"; };
		55AA55A22BCB0C5400626815 /* HomeViewController.swift */ = {isa = PBXFileReference; lastKnownFileType = sourcecode.swift; path = HomeViewController.swift; sourceTree = "<group>"; };
		55AA55A32BCB0C5400626815 /* HomeViewController.xib */ = {isa = PBXFileReference; lastKnownFileType = file.xib; path = HomeViewController.xib; sourceTree = "<group>"; };
		55AA55A72BCB1E7D00626815 /* ListViewController.swift */ = {isa = PBXFileReference; lastKnownFileType = sourcecode.swift; path = ListViewController.swift; sourceTree = "<group>"; };
		55AA55A82BCB1E7D00626815 /* ListViewController.xib */ = {isa = PBXFileReference; lastKnownFileType = file.xib; path = ListViewController.xib; sourceTree = "<group>"; };
/* End PBXFileReference section */

/* Begin PBXFrameworksBuildPhase section */
		55AA55872BCB0BD600626815 /* Frameworks */ = {
			isa = PBXFrameworksBuildPhase;
			buildActionMask = 2147483647;
			files = (
			);
			runOnlyForDeploymentPostprocessing = 0;
		};
/* End PBXFrameworksBuildPhase section */

/* Begin PBXGroup section */
		55AA55812BCB0BD600626815 = {
			isa = PBXGroup;
			children = (
				55AA558C2BCB0BD600626815 /* shoppingListXIB */,
				55AA558B2BCB0BD600626815 /* Products */,
			);
			sourceTree = "<group>";
		};
		55AA558B2BCB0BD600626815 /* Products */ = {
			isa = PBXGroup;
			children = (
				55AA558A2BCB0BD600626815 /* shoppingListXIB.app */,
			);
			name = Products;
			sourceTree = "<group>";
		};
		55AA558C2BCB0BD600626815 /* shoppingListXIB */ = {
			isa = PBXGroup;
			children = (
				55AA55A62BCB1E6500626815 /* List */,
				55AA55A12BCB0C2000626815 /* Home */,
				55AA558D2BCB0BD600626815 /* AppDelegate.swift */,
				55AA558F2BCB0BD600626815 /* SceneDelegate.swift */,
				55AA55912BCB0BD600626815 /* ViewController.swift */,
				55AA55932BCB0BD600626815 /* Main.storyboard */,
				55AA55962BCB0BD800626815 /* Assets.xcassets */,
				55AA55982BCB0BD800626815 /* LaunchScreen.storyboard */,
				55AA559B2BCB0BD800626815 /* Info.plist */,
			);
			path = shoppingListXIB;
			sourceTree = "<group>";
		};
		55AA55A12BCB0C2000626815 /* Home */ = {
			isa = PBXGroup;
			children = (
				55AA55A22BCB0C5400626815 /* HomeViewController.swift */,
				55AA55A32BCB0C5400626815 /* HomeViewController.xib */,
			);
			path = Home;
			sourceTree = "<group>";
		};
		55AA55A62BCB1E6500626815 /* List */ = {
			isa = PBXGroup;
			children = (
				55AA55A72BCB1E7D00626815 /* ListViewController.swift */,
				55AA55A82BCB1E7D00626815 /* ListViewController.xib */,
			);
			path = List;
			sourceTree = "<group>";
		};
/* End PBXGroup section */

/* Begin PBXNativeTarget section */
		55AA55892BCB0BD600626815 /* shoppingListXIB */ = {
			isa = PBXNativeTarget;
			buildConfigurationList = 55AA559E2BCB0BD800626815 /* Build configuration list for PBXNativeTarget "shoppingListXIB" */;
			buildPhases = (
				55AA55862BCB0BD600626815 /* Sources */,
				55AA55872BCB0BD600626815 /* Frameworks */,
				55AA55882BCB0BD600626815 /* Resources */,
			);
			buildRules = (
			);
			dependencies = (
			);
			name = shoppingListXIB;
			productName = shoppingListXIB;
			productReference = 55AA558A2BCB0BD600626815 /* shoppingListXIB.app */;
			productType = "com.apple.product-type.application";
		};
/* End PBXNativeTarget section */

/* Begin PBXProject section */
		55AA55822BCB0BD600626815 /* Project object */ = {
			isa = PBXProject;
			attributes = {
				BuildIndependentTargetsInParallel = 1;
				LastSwiftUpdateCheck = 1500;
				LastUpgradeCheck = 1500;
				TargetAttributes = {
					55AA55892BCB0BD600626815 = {
						CreatedOnToolsVersion = 15.0;
					};
				};
			};
			buildConfigurationList = 55AA55852BCB0BD600626815 /* Build configuration list for PBXProject "shoppingListXIB" */;
			compatibilityVersion = "Xcode 14.0";
			developmentRegion = en;
			hasScannedForEncodings = 0;
			knownRegions = (
				en,
				Base,
			);
			mainGroup = 55AA55812BCB0BD600626815;
			productRefGroup = 55AA558B2BCB0BD600626815 /* Products */;
			projectDirPath = "";
			projectRoot = "";
			targets = (
				55AA55892BCB0BD600626815 /* shoppingListXIB */,
			);
		};
/* End PBXProject section */

/* Begin PBXResourcesBuildPhase section */
		55AA55882BCB0BD600626815 /* Resources */ = {
			isa = PBXResourcesBuildPhase;
			buildActionMask = 2147483647;
			files = (
				55AA559A2BCB0BD800626815 /* LaunchScreen.storyboard in Resources */,
				55AA55972BCB0BD800626815 /* Assets.xcassets in Resources */,
				55AA55AA2BCB1E7D00626815 /* ListViewController.xib in Resources */,
				55AA55952BCB0BD600626815 /* Main.storyboard in Resources */,
				55AA55A52BCB0C5400626815 /* HomeViewController.xib in Resources */,
			);
			runOnlyForDeploymentPostprocessing = 0;
		};
/* End PBXResourcesBuildPhase section */

/* Begin PBXSourcesBuildPhase section */
		55AA55862BCB0BD600626815 /* Sources */ = {
			isa = PBXSourcesBuildPhase;
			buildActionMask = 2147483647;
			files = (
				55AA55922BCB0BD600626815 /* ViewController.swift in Sources */,
				55AA558E2BCB0BD600626815 /* AppDelegate.swift in Sources */,
				55AA55902BCB0BD600626815 /* SceneDelegate.swift in Sources */,
				55AA55A92BCB1E7D00626815 /* ListViewController.swift in Sources */,
				55AA55A42BCB0C5400626815 /* HomeViewController.swift in Sources */,
			);
			runOnlyForDeploymentPostprocessing = 0;
		};
/* End PBXSourcesBuildPhase section */

/* Begin PBXVariantGroup section */
		55AA55932BCB0BD600626815 /* Main.storyboard */ = {
			isa = PBXVariantGroup;
			children = (
				55AA55942BCB0BD600626815 /* Base */,
			);
			name = Main.storyboard;
			sourceTree = "<group>";
		};
		55AA55982BCB0BD800626815 /* LaunchScreen.storyboard */ = {
			isa = PBXVariantGroup;
			children = (
				55AA55992BCB0BD800626815 /* Base */,
			);
			name = LaunchScreen.storyboard;
			sourceTree = "<group>";
		};
/* End PBXVariantGroup section */

/* Begin XCBuildConfiguration section */
		55AA559C2BCB0BD800626815 /* Debug */ = {
			isa = XCBuildConfiguration;
			buildSettings = {
				ALWAYS_SEARCH_USER_PATHS = NO;
				ASSETCATALOG_COMPILER_GENERATE_SWIFT_ASSET_SYMBOL_EXTENSIONS = YES;
				CLANG_ANALYZER_NONNULL = YES;
				CLANG_ANALYZER_NUMBER_OBJECT_CONVERSION = YES_AGGRESSIVE;
				CLANG_CXX_LANGUAGE_STANDARD = "gnu++20";
				CLANG_ENABLE_MODULES = YES;
				CLANG_ENABLE_OBJC_ARC = YES;
				CLANG_ENABLE_OBJC_WEAK = YES;
				CLANG_WARN_BLOCK_CAPTURE_AUTORELEASING = YES;
				CLANG_WARN_BOOL_CONVERSION = YES;
				CLANG_WARN_COMMA = YES;
				CLANG_WARN_CONSTANT_CONVERSION = YES;
				CLANG_WARN_DEPRECATED_OBJC_IMPLEMENTATIONS = YES;
				CLANG_WARN_DIRECT_OBJC_ISA_USAGE = YES_ERROR;
				CLANG_WARN_DOCUMENTATION_COMMENTS = YES;
				CLANG_WARN_EMPTY_BODY = YES;
				CLANG_WARN_ENUM_CONVERSION = YES;
				CLANG_WARN_INFINITE_RECURSION = YES;
				CLANG_WARN_INT_CONVERSION = YES;
				CLANG_WARN_NON_LITERAL_NULL_CONVERSION = YES;
				CLANG_WARN_OBJC_IMPLICIT_RETAIN_SELF = YES;
				CLANG_WARN_OBJC_LITERAL_CONVERSION = YES;
				CLANG_WARN_OBJC_ROOT_CLASS = YES_ERROR;
				CLANG_WARN_QUOTED_INCLUDE_IN_FRAMEWORK_HEADER = YES;
				CLANG_WARN_RANGE_LOOP_ANALYSIS = YES;
				CLANG_WARN_STRICT_PROTOTYPES = YES;
				CLANG_WARN_SUSPICIOUS_MOVE = YES;
				CLANG_WARN_UNGUARDED_AVAILABILITY = YES_AGGRESSIVE;
				CLANG_WARN_UNREACHABLE_CODE = YES;
				CLANG_WARN__DUPLICATE_METHOD_MATCH = YES;
				COPY_PHASE_STRIP = NO;
				DEBUG_INFORMATION_FORMAT = dwarf;
				ENABLE_STRICT_OBJC_MSGSEND = YES;
				ENABLE_TESTABILITY = YES;
				ENABLE_USER_SCRIPT_SANDBOXING = YES;
				GCC_C_LANGUAGE_STANDARD = gnu17;
				GCC_DYNAMIC_NO_PIC = NO;
				GCC_NO_COMMON_BLOCKS = YES;
				GCC_OPTIMIZATION_LEVEL = 0;
				GCC_PREPROCESSOR_DEFINITIONS = (
					"DEBUG=1",
					"$(inherited)",
				);
				GCC_WARN_64_TO_32_BIT_CONVERSION = YES;
				GCC_WARN_ABOUT_RETURN_TYPE = YES_ERROR;
				GCC_WARN_UNDECLARED_SELECTOR = YES;
				GCC_WARN_UNINITIALIZED_AUTOS = YES_AGGRESSIVE;
				GCC_WARN_UNUSED_FUNCTION = YES;
				GCC_WARN_UNUSED_VARIABLE = YES;
				IPHONEOS_DEPLOYMENT_TARGET = 17.0;
				LOCALIZATION_PREFERS_STRING_CATALOGS = YES;
				MTL_ENABLE_DEBUG_INFO = INCLUDE_SOURCE;
				MTL_FAST_MATH = YES;
				ONLY_ACTIVE_ARCH = YES;
				SDKROOT = iphoneos;
				SWIFT_ACTIVE_COMPILATION_CONDITIONS = "DEBUG $(inherited)";
				SWIFT_OPTIMIZATION_LEVEL = "-Onone";
			};
			name = Debug;
		};
		55AA559D2BCB0BD800626815 /* Release */ = {
			isa = XCBuildConfiguration;
			buildSettings = {
				ALWAYS_SEARCH_USER_PATHS = NO;
				ASSETCATALOG_COMPILER_GENERATE_SWIFT_ASSET_SYMBOL_EXTENSIONS = YES;
				CLANG_ANALYZER_NONNULL = YES;
				CLANG_ANALYZER_NUMBER_OBJECT_CONVERSION = YES_AGGRESSIVE;
				CLANG_CXX_LANGUAGE_STANDARD = "gnu++20";
				CLANG_ENABLE_MODULES = YES;
				CLANG_ENABLE_OBJC_ARC = YES;
				CLANG_ENABLE_OBJC_WEAK = YES;
				CLANG_WARN_BLOCK_CAPTURE_AUTORELEASING = YES;
				CLANG_WARN_BOOL_CONVERSION = YES;
				CLANG_WARN_COMMA = YES;
				CLANG_WARN_CONSTANT_CONVERSION = YES;
				CLANG_WARN_DEPRECATED_OBJC_IMPLEMENTATIONS = YES;
				CLANG_WARN_DIRECT_OBJC_ISA_USAGE = YES_ERROR;
				CLANG_WARN_DOCUMENTATION_COMMENTS = YES;
				CLANG_WARN_EMPTY_BODY = YES;
				CLANG_WARN_ENUM_CONVERSION = YES;
				CLANG_WARN_INFINITE_RECURSION = YES;
				CLANG_WARN_INT_CONVERSION = YES;
				CLANG_WARN_NON_LITERAL_NULL_CONVERSION = YES;
				CLANG_WARN_OBJC_IMPLICIT_RETAIN_SELF = YES;
				CLANG_WARN_OBJC_LITERAL_CONVERSION = YES;
				CLANG_WARN_OBJC_ROOT_CLASS = YES_ERROR;
				CLANG_WARN_QUOTED_INCLUDE_IN_FRAMEWORK_HEADER = YES;
				CLANG_WARN_RANGE_LOOP_ANALYSIS = YES;
				CLANG_WARN_STRICT_PROTOTYPES = YES;
				CLANG_WARN_SUSPICIOUS_MOVE = YES;
				CLANG_WARN_UNGUARDED_AVAILABILITY = YES_AGGRESSIVE;
				CLANG_WARN_UNREACHABLE_CODE = YES;
				CLANG_WARN__DUPLICATE_METHOD_MATCH = YES;
				COPY_PHASE_STRIP = NO;
				DEBUG_INFORMATION_FORMAT = "dwarf-with-dsym";
				ENABLE_NS_ASSERTIONS = NO;
				ENABLE_STRICT_OBJC_MSGSEND = YES;
				ENABLE_USER_SCRIPT_SANDBOXING = YES;
				GCC_C_LANGUAGE_STANDARD = gnu17;
				GCC_NO_COMMON_BLOCKS = YES;
				GCC_WARN_64_TO_32_BIT_CONVERSION = YES;
				GCC_WARN_ABOUT_RETURN_TYPE = YES_ERROR;
				GCC_WARN_UNDECLARED_SELECTOR = YES;
				GCC_WARN_UNINITIALIZED_AUTOS = YES_AGGRESSIVE;
				GCC_WARN_UNUSED_FUNCTION = YES;
				GCC_WARN_UNUSED_VARIABLE = YES;
				IPHONEOS_DEPLOYMENT_TARGET = 17.0;
				LOCALIZATION_PREFERS_STRING_CATALOGS = YES;
				MTL_ENABLE_DEBUG_INFO = NO;
				MTL_FAST_MATH = YES;
				SDKROOT = iphoneos;
				SWIFT_COMPILATION_MODE = wholemodule;
				VALIDATE_PRODUCT = YES;
			};
			name = Release;
		};
		55AA559F2BCB0BD800626815 /* Debug */ = {
			isa = XCBuildConfiguration;
			buildSettings = {
				ASSETCATALOG_COMPILER_APPICON_NAME = AppIcon;
				ASSETCATALOG_COMPILER_GLOBAL_ACCENT_COLOR_NAME = AccentColor;
				CODE_SIGN_STYLE = Automatic;
				CURRENT_PROJECT_VERSION = 1;
				GENERATE_INFOPLIST_FILE = YES;
				INFOPLIST_FILE = shoppingListXIB/Info.plist;
				INFOPLIST_KEY_UIApplicationSupportsIndirectInputEvents = YES;
				INFOPLIST_KEY_UILaunchStoryboardName = LaunchScreen;
				INFOPLIST_KEY_UIMainStoryboardFile = Main;
				INFOPLIST_KEY_UISupportedInterfaceOrientations = UIInterfaceOrientationPortrait;
				INFOPLIST_KEY_UISupportedInterfaceOrientations_iPad = "UIInterfaceOrientationLandscapeLeft UIInterfaceOrientationLandscapeRight UIInterfaceOrientationPortrait UIInterfaceOrientationPortraitUpsideDown";
				LD_RUNPATH_SEARCH_PATHS = (
					"$(inherited)",
					"@executable_path/Frameworks",
				);
				MARKETING_VERSION = 1.0;
				PRODUCT_BUNDLE_IDENTIFIER = iOSLabFIAngelLopez.shoppingListXIB;
				PRODUCT_NAME = "$(TARGET_NAME)";
				SUPPORTED_PLATFORMS = "iphoneos iphonesimulator";
				SUPPORTS_MACCATALYST = NO;
				SUPPORTS_MAC_DESIGNED_FOR_IPHONE_IPAD = NO;
				SUPPORTS_XR_DESIGNED_FOR_IPHONE_IPAD = NO;
				SWIFT_EMIT_LOC_STRINGS = YES;
				SWIFT_VERSION = 5.0;
				TARGETED_DEVICE_FAMILY = 1;
			};
			name = Debug;
		};
		55AA55A02BCB0BD800626815 /* Release */ = {
			isa = XCBuildConfiguration;
			buildSettings = {
				ASSETCATALOG_COMPILER_APPICON_NAME = AppIcon;
				ASSETCATALOG_COMPILER_GLOBAL_ACCENT_COLOR_NAME = AccentColor;
				CODE_SIGN_STYLE = Automatic;
				CURRENT_PROJECT_VERSION = 1;
				GENERATE_INFOPLIST_FILE = YES;
				INFOPLIST_FILE = shoppingListXIB/Info.plist;
				INFOPLIST_KEY_UIApplicationSupportsIndirectInputEvents = YES;
				INFOPLIST_KEY_UILaunchStoryboardName = LaunchScreen;
				INFOPLIST_KEY_UIMainStoryboardFile = Main;
				INFOPLIST_KEY_UISupportedInterfaceOrientations = UIInterfaceOrientationPortrait;
				INFOPLIST_KEY_UISupportedInterfaceOrientations_iPad = "UIInterfaceOrientationLandscapeLeft UIInterfaceOrientationLandscapeRight UIInterfaceOrientationPortrait UIInterfaceOrientationPortraitUpsideDown";
				LD_RUNPATH_SEARCH_PATHS = (
					"$(inherited)",
					"@executable_path/Frameworks",
				);
				MARKETING_VERSION = 1.0;
				PRODUCT_BUNDLE_IDENTIFIER = iOSLabFIAngelLopez.shoppingListXIB;
				PRODUCT_NAME = "$(TARGET_NAME)";
				SUPPORTED_PLATFORMS = "iphoneos iphonesimulator";
				SUPPORTS_MACCATALYST = NO;
				SUPPORTS_MAC_DESIGNED_FOR_IPHONE_IPAD = NO;
				SUPPORTS_XR_DESIGNED_FOR_IPHONE_IPAD = NO;
				SWIFT_EMIT_LOC_STRINGS = YES;
				SWIFT_VERSION = 5.0;
				TARGETED_DEVICE_FAMILY = 1;
			};
			name = Release;
		};
/* End XCBuildConfiguration section */

/* Begin XCConfigurationList section */
		55AA55852BCB0BD600626815 /* Build configuration list for PBXProject "shoppingListXIB" */ = {
			isa = XCConfigurationList;
			buildConfigurations = (
				55AA559C2BCB0BD800626815 /* Debug */,
				55AA559D2BCB0BD800626815 /* Release */,
			);
			defaultConfigurationIsVisible = 0;
			defaultConfigurationName = Release;
		};
		55AA559E2BCB0BD800626815 /* Build configuration list for PBXNativeTarget "shoppingListXIB" */ = {
			isa = XCConfigurationList;
			buildConfigurations = (
				55AA559F2BCB0BD800626815 /* Debug */,
				55AA55A02BCB0BD800626815 /* Release */,
			);
			defaultConfigurationIsVisible = 0;
			defaultConfigurationName = Release;
		};
/* End XCConfigurationList section */
	};
	rootObject = 55AA55822BCB0BD600626815 /* Project object */;
}
